
Microsoft Visual Studio Solution File, Format Version 12.00
# Visual Studio 2013
VisualStudioVersion = 12.0.40629.0
MinimumVisualStudioVersion = 10.0.40219.1
Project("{F2A71F9B-5D33-465A-A702-920D77279786}") = "WebMVC5_test", "WebMVC5_test\WebMVC5_test.fsproj", "{D3D91AC3-8F2B-41DC-9DA0-683127A02F9D}"
EndProject
Project("{2150E333-8FDC-42A3-9474-1A3956D46DE8}") = ".nuget", ".nuget", "{63A8349F-9C54-45C8-BB5B-8B18D848A79B}"
	ProjectSection(SolutionItems) = preProject
		.nuget\packages.config = .nuget\packages.config
	EndProjectSection
EndProject
Global
	GlobalSection(SolutionConfigurationPlatforms) = preSolution
		Debug|Any CPU = Debug|Any CPU
		Release|Any CPU = Release|Any CPU
	EndGlobalSection
	GlobalSection(ProjectConfigurationPlatforms) = postSolution
		{D3D91AC3-8F2B-41DC-9DA0-683127A02F9D}.Debug|Any CPU.ActiveCfg = Debug|Any CPU
		{D3D91AC3-8F2B-41DC-9DA0-683127A02F9D}.Debug|Any CPU.Build.0 = Debug|Any CPU
		{D3D91AC3-8F2B-41DC-9DA0-683127A02F9D}.Release|Any CPU.ActiveCfg = Release|Any CPU
		{D3D91AC3-8F2B-41DC-9DA0-683127A02F9D}.Release|Any CPU.Build.0 = Release|Any CPU
	EndGlobalSection
	GlobalSection(SolutionProperties) = preSolution
		HideSolutionNode = FALSE
	EndGlobalSection
EndGlobal
